// !$*UTF8*$!
{
	archiveVersion = 1;
	classes = {
	};
	objectVersion = 50;
	objects = {

/* Begin PBXBuildFile section */
		B70447A82193EBC70090E08C /* SFSDKLoggerTests.m in Sources */ = {isa = PBXBuildFile; fileRef = B7E54D6821939295009DC303 /* SFSDKLoggerTests.m */; };
		B7E54C72219354A8009DC303 /* SalesforceFileLogger.framework in Frameworks */ = {isa = PBXBuildFile; fileRef = B7E54C68219354A8009DC303 /* SalesforceFileLogger.framework */; };
		B7E54C79219354A8009DC303 /* SalesforceFileLogger.h in Headers */ = {isa = PBXBuildFile; fileRef = B7E54C6B219354A8009DC303 /* SalesforceFileLogger.h */; settings = {ATTRIBUTES = (Public, ); }; };
		B7E54CDA21936260009DC303 /* SFSDKFileLogger.h in Headers */ = {isa = PBXBuildFile; fileRef = B7E54CD421936260009DC303 /* SFSDKFileLogger.h */; settings = {ATTRIBUTES = (Public, ); }; };
		B7E54CDB21936260009DC303 /* SFSDKLogFileManager.m in Sources */ = {isa = PBXBuildFile; fileRef = B7E54CD521936260009DC303 /* SFSDKLogFileManager.m */; };
		B7E54CDC21936260009DC303 /* SFSDKLogger.h in Headers */ = {isa = PBXBuildFile; fileRef = B7E54CD621936260009DC303 /* SFSDKLogger.h */; settings = {ATTRIBUTES = (Public, ); }; };
		B7E54CDD21936260009DC303 /* SFSDKFileLogger.m in Sources */ = {isa = PBXBuildFile; fileRef = B7E54CD721936260009DC303 /* SFSDKFileLogger.m */; };
		B7E54CDE21936260009DC303 /* SFSDKLogger.m in Sources */ = {isa = PBXBuildFile; fileRef = B7E54CD821936260009DC303 /* SFSDKLogger.m */; };
		B7E54CDF21936260009DC303 /* SFSDKLogFileManager.h in Headers */ = {isa = PBXBuildFile; fileRef = B7E54CD921936260009DC303 /* SFSDKLogFileManager.h */; settings = {ATTRIBUTES = (Public, ); }; };
		B7E54CE121936284009DC303 /* SFSDKLogFileManager.m in Sources */ = {isa = PBXBuildFile; fileRef = B7E54CD521936260009DC303 /* SFSDKLogFileManager.m */; };
		B7E54CE321936284009DC303 /* SFSDKFileLogger.m in Sources */ = {isa = PBXBuildFile; fileRef = B7E54CD721936260009DC303 /* SFSDKFileLogger.m */; };
		B7E54CE421936284009DC303 /* SFSDKLogger.m in Sources */ = {isa = PBXBuildFile; fileRef = B7E54CD821936260009DC303 /* SFSDKLogger.m */; };
		B7E54CE7219362A5009DC303 /* SFSDKFileLogger.h in Headers */ = {isa = PBXBuildFile; fileRef = B7E54CD421936260009DC303 /* SFSDKFileLogger.h */; settings = {ATTRIBUTES = (Public, ); }; };
		B7E54CE8219362A5009DC303 /* SFSDKLogger.h in Headers */ = {isa = PBXBuildFile; fileRef = B7E54CD621936260009DC303 /* SFSDKLogger.h */; settings = {ATTRIBUTES = (Public, ); }; };
		B7E54CE9219362A5009DC303 /* SFSDKLogFileManager.h in Headers */ = {isa = PBXBuildFile; fileRef = B7E54CD921936260009DC303 /* SFSDKLogFileManager.h */; settings = {ATTRIBUTES = (Public, ); }; };
		B7E54D72219395BF009DC303 /* AppDelegate.m in Sources */ = {isa = PBXBuildFile; fileRef = B7E54D71219395BF009DC303 /* AppDelegate.m */; };
		B7E54D75219395BF009DC303 /* ViewController.m in Sources */ = {isa = PBXBuildFile; fileRef = B7E54D74219395BF009DC303 /* ViewController.m */; };
		B7E54D78219395BF009DC303 /* Main.storyboard in Resources */ = {isa = PBXBuildFile; fileRef = B7E54D76219395BF009DC303 /* Main.storyboard */; };
		B7E54D7A219395C1009DC303 /* Assets.xcassets in Resources */ = {isa = PBXBuildFile; fileRef = B7E54D79219395C1009DC303 /* Assets.xcassets */; };
		B7E54D7D219395C1009DC303 /* LaunchScreen.storyboard in Resources */ = {isa = PBXBuildFile; fileRef = B7E54D7B219395C1009DC303 /* LaunchScreen.storyboard */; };
		B7E54D80219395C1009DC303 /* main.m in Sources */ = {isa = PBXBuildFile; fileRef = B7E54D7F219395C1009DC303 /* main.m */; };
		B7E54DA421939BBD009DC303 /* XCTest.framework in Frameworks */ = {isa = PBXBuildFile; fileRef = B7E54DA321939BBD009DC303 /* XCTest.framework */; };
		B7E54DA72193C01F009DC303 /* SalesforceFileLogger.h in Headers */ = {isa = PBXBuildFile; fileRef = B7E54C6B219354A8009DC303 /* SalesforceFileLogger.h */; };
/* End PBXBuildFile section */

/* Begin PBXContainerItemProxy section */
		B704479C2193EA410090E08C /* PBXContainerItemProxy */ = {
			isa = PBXContainerItemProxy;
			containerPortal = B70447862193EA400090E08C /* SalesforceSDKCommon.xcodeproj */;
			proxyType = 2;
			remoteGlobalIDString = B7136CFE216684A700F6A221;
			remoteInfo = SalesforceSDKCommon;
		};
		B704479E2193EA410090E08C /* PBXContainerItemProxy */ = {
			isa = PBXContainerItemProxy;
			containerPortal = B70447862193EA400090E08C /* SalesforceSDKCommon.xcodeproj */;
			proxyType = 2;
			remoteGlobalIDString = B7136D07216684A700F6A221;
			remoteInfo = SalesforceSDKCommonTests;
		};
		B70447A02193EA410090E08C /* PBXContainerItemProxy */ = {
			isa = PBXContainerItemProxy;
			containerPortal = B70447862193EA400090E08C /* SalesforceSDKCommon.xcodeproj */;
			proxyType = 2;
			remoteGlobalIDString = B716A3E4218F6EEA009D407F;
			remoteInfo = SalesforceSDKCommonTestApp;
		};
		B70447A22193EA410090E08C /* PBXContainerItemProxy */ = {
			isa = PBXContainerItemProxy;
			containerPortal = B70447862193EA400090E08C /* SalesforceSDKCommon.xcodeproj */;
			proxyType = 2;
			remoteGlobalIDString = B7686AD921929D3B00D4332A;
			remoteInfo = SalesforceSDKCommonStatic;
		};
		B70447A42193EA540090E08C /* PBXContainerItemProxy */ = {
			isa = PBXContainerItemProxy;
			containerPortal = B70447862193EA400090E08C /* SalesforceSDKCommon.xcodeproj */;
			proxyType = 1;
			remoteGlobalIDString = B7136CFD216684A700F6A221;
			remoteInfo = SalesforceSDKCommon;
		};
		B70447A62193EA600090E08C /* PBXContainerItemProxy */ = {
			isa = PBXContainerItemProxy;
			containerPortal = B70447862193EA400090E08C /* SalesforceSDKCommon.xcodeproj */;
			proxyType = 1;
			remoteGlobalIDString = B7686AD821929D3B00D4332A;
			remoteInfo = SalesforceSDKCommonStatic;
		};
		B7E54C73219354A8009DC303 /* PBXContainerItemProxy */ = {
			isa = PBXContainerItemProxy;
			containerPortal = B7E54C5F219354A8009DC303 /* Project object */;
			proxyType = 1;
			remoteGlobalIDString = B7E54C67219354A8009DC303;
			remoteInfo = SalesforceFileLogger;
		};
		B7E54CFE21936B06009DC303 /* PBXContainerItemProxy */ = {
			isa = PBXContainerItemProxy;
			containerPortal = B7E54CEB21936B06009DC303 /* Lumberjack.xcodeproj */;
			proxyType = 2;
			remoteGlobalIDString = DCB3185114EB418E001CFBEE;
			remoteInfo = CocoaLumberjack;
		};
		B7E54D0021936B06009DC303 /* PBXContainerItemProxy */ = {
			isa = PBXContainerItemProxy;
			containerPortal = B7E54CEB21936B06009DC303 /* Lumberjack.xcodeproj */;
			proxyType = 2;
			remoteGlobalIDString = 18F3BF0F1A81D8B700692297;
			remoteInfo = CocoaLumberjackSwift;
		};
		B7E54D0221936B06009DC303 /* PBXContainerItemProxy */ = {
			isa = PBXContainerItemProxy;
			containerPortal = B7E54CEB21936B06009DC303 /* Lumberjack.xcodeproj */;
			proxyType = 2;
			remoteGlobalIDString = 19FF46021B8B4CF400B43179;
			remoteInfo = "CocoaLumberjack-iOS";
		};
		B7E54D0421936B06009DC303 /* PBXContainerItemProxy */ = {
			isa = PBXContainerItemProxy;
			containerPortal = B7E54CEB21936B06009DC303 /* Lumberjack.xcodeproj */;
			proxyType = 2;
			remoteGlobalIDString = 19FF460F1B8B4D1400B43179;
			remoteInfo = "CocoaLumberjackSwift-iOS";
		};
		B7E54D0621936B06009DC303 /* PBXContainerItemProxy */ = {
			isa = PBXContainerItemProxy;
			containerPortal = B7E54CEB21936B06009DC303 /* Lumberjack.xcodeproj */;
			proxyType = 2;
			remoteGlobalIDString = 18F3BFD71A81E06E00692297;
			remoteInfo = "CocoaLumberjack-iOS-Static";
		};
		B7E54D0821936B06009DC303 /* PBXContainerItemProxy */ = {
			isa = PBXContainerItemProxy;
			containerPortal = B7E54CEB21936B06009DC303 /* Lumberjack.xcodeproj */;
			proxyType = 2;
			remoteGlobalIDString = 19190EDE1B84D812008D059E;
			remoteInfo = "CocoaLumberjack-watchOS";
		};
		B7E54D0A21936B06009DC303 /* PBXContainerItemProxy */ = {
			isa = PBXContainerItemProxy;
			containerPortal = B7E54CEB21936B06009DC303 /* Lumberjack.xcodeproj */;
			proxyType = 2;
			remoteGlobalIDString = 19190EEB1B84D826008D059E;
			remoteInfo = "CocoaLumberjackSwift-watchOS";
		};
		B7E54D0C21936B06009DC303 /* PBXContainerItemProxy */ = {
			isa = PBXContainerItemProxy;
			containerPortal = B7E54CEB21936B06009DC303 /* Lumberjack.xcodeproj */;
			proxyType = 2;
			remoteGlobalIDString = 19D90B261BBFA9DB00947169;
			remoteInfo = "CocoaLumberjack-tvOS";
		};
		B7E54D0E21936B06009DC303 /* PBXContainerItemProxy */ = {
			isa = PBXContainerItemProxy;
			containerPortal = B7E54CEB21936B06009DC303 /* Lumberjack.xcodeproj */;
			proxyType = 2;
			remoteGlobalIDString = 19D90B351BBFAA7500947169;
			remoteInfo = "CocoaLumberjackSwift-tvOS";
		};
		B7E54D1021936B06009DC303 /* PBXContainerItemProxy */ = {
			isa = PBXContainerItemProxy;
			containerPortal = B7E54CEB21936B06009DC303 /* Lumberjack.xcodeproj */;
			proxyType = 2;
			remoteGlobalIDString = DCB318CA14ED6C3B001CFBEE;
			remoteInfo = FmwkTest;
		};
		B7E54D1221936B06009DC303 /* PBXContainerItemProxy */ = {
			isa = PBXContainerItemProxy;
			containerPortal = B7E54CEB21936B06009DC303 /* Lumberjack.xcodeproj */;
			proxyType = 2;
			remoteGlobalIDString = 55CCBEFF19BA679200957A39;
			remoteInfo = SwiftTest;
		};
		B7E54D1421936B06009DC303 /* PBXContainerItemProxy */ = {
			isa = PBXContainerItemProxy;
			containerPortal = B7E54CEB21936B06009DC303 /* Lumberjack.xcodeproj */;
			proxyType = 2;
			remoteGlobalIDString = 18F3BF5F1A81DD2E00692297;
			remoteInfo = iOSSwiftTest;
		};
		B7E54D1621936B06009DC303 /* PBXContainerItemProxy */ = {
			isa = PBXContainerItemProxy;
			containerPortal = B7E54CEB21936B06009DC303 /* Lumberjack.xcodeproj */;
			proxyType = 2;
			remoteGlobalIDString = 19EC14671B84D134000EC2E7;
			remoteInfo = watchOSSwiftTest;
		};
		B7E54D1821936B06009DC303 /* PBXContainerItemProxy */ = {
			isa = PBXContainerItemProxy;
			containerPortal = B7E54CEB21936B06009DC303 /* Lumberjack.xcodeproj */;
			proxyType = 2;
			remoteGlobalIDString = 19EC14731B84D134000EC2E7;
			remoteInfo = "watchOSSwiftTest Extension";
		};
		B7E54D1A21936B06009DC303 /* PBXContainerItemProxy */ = {
			isa = PBXContainerItemProxy;
			containerPortal = B7E54CEB21936B06009DC303 /* Lumberjack.xcodeproj */;
			proxyType = 2;
			remoteGlobalIDString = 19406BE11BDBABFF001194DC;
			remoteInfo = tvOSSwiftTest;
		};
		B7E54D1C21936B06009DC303 /* PBXContainerItemProxy */ = {
			isa = PBXContainerItemProxy;
			containerPortal = B7E54CEB21936B06009DC303 /* Lumberjack.xcodeproj */;
			proxyType = 2;
			remoteGlobalIDString = 18F3BFF21A81E0C700692297;
			remoteInfo = iOSLibStaticTest;
		};
		B7E54D5121936B68009DC303 /* PBXContainerItemProxy */ = {
			isa = PBXContainerItemProxy;
			containerPortal = B7E54CEB21936B06009DC303 /* Lumberjack.xcodeproj */;
			proxyType = 1;
			remoteGlobalIDString = 19FF46011B8B4CF400B43179;
			remoteInfo = "CocoaLumberjack-iOS";
		};
		B7E54DA0219395E9009DC303 /* PBXContainerItemProxy */ = {
			isa = PBXContainerItemProxy;
			containerPortal = B7E54C5F219354A8009DC303 /* Project object */;
			proxyType = 1;
			remoteGlobalIDString = B7E54D6D219395BF009DC303;
			remoteInfo = SalesforceFileLoggerTestApp;
		};
/* End PBXContainerItemProxy section */

/* Begin PBXCopyFilesBuildPhase section */
		B7E54C84219354F3009DC303 /* CopyFiles */ = {
			isa = PBXCopyFilesBuildPhase;
			buildActionMask = 2147483647;
			dstPath = "include/$(PRODUCT_NAME)";
			dstSubfolderSpec = 16;
			files = (
			);
			runOnlyForDeploymentPostprocessing = 0;
		};
/* End PBXCopyFilesBuildPhase section */

/* Begin PBXFileReference section */
		03FD1CCE3B2615271BEDC56C /* Pods-SalesforceFileLogger.release.xcconfig */ = {isa = PBXFileReference; includeInIndex = 1; lastKnownFileType = text.xcconfig; name = "Pods-SalesforceFileLogger.release.xcconfig"; path = "Pods/Target Support Files/Pods-SalesforceFileLogger/Pods-SalesforceFileLogger.release.xcconfig"; sourceTree = "<group>"; };
		30E03C35B7CB033B4055E986 /* Pods-SalesforceFileLoggerStatic.debug.xcconfig */ = {isa = PBXFileReference; includeInIndex = 1; lastKnownFileType = text.xcconfig; name = "Pods-SalesforceFileLoggerStatic.debug.xcconfig"; path = "Pods/Target Support Files/Pods-SalesforceFileLoggerStatic/Pods-SalesforceFileLoggerStatic.debug.xcconfig"; sourceTree = "<group>"; };
		414BEA528AA5CB3C10A757AD /* Pods-SalesforceFileLogger.debug.xcconfig */ = {isa = PBXFileReference; includeInIndex = 1; lastKnownFileType = text.xcconfig; name = "Pods-SalesforceFileLogger.debug.xcconfig"; path = "Pods/Target Support Files/Pods-SalesforceFileLogger/Pods-SalesforceFileLogger.debug.xcconfig"; sourceTree = "<group>"; };
		B70447862193EA400090E08C /* SalesforceSDKCommon.xcodeproj */ = {isa = PBXFileReference; lastKnownFileType = "wrapper.pb-project"; name = SalesforceSDKCommon.xcodeproj; path = "external/SalesforceMobileSDK-iOS/libs/SalesforceSDKCommon/SalesforceSDKCommon.xcodeproj"; sourceTree = "<group>"; };
		B7E54C68219354A8009DC303 /* SalesforceFileLogger.framework */ = {isa = PBXFileReference; explicitFileType = wrapper.framework; includeInIndex = 0; path = SalesforceFileLogger.framework; sourceTree = BUILT_PRODUCTS_DIR; };
		B7E54C6B219354A8009DC303 /* SalesforceFileLogger.h */ = {isa = PBXFileReference; lastKnownFileType = sourcecode.c.h; path = SalesforceFileLogger.h; sourceTree = "<group>"; };
		B7E54C6C219354A8009DC303 /* Info.plist */ = {isa = PBXFileReference; lastKnownFileType = text.plist.xml; path = Info.plist; sourceTree = "<group>"; };
		B7E54C71219354A8009DC303 /* SalesforceFileLoggerTests.xctest */ = {isa = PBXFileReference; explicitFileType = wrapper.cfbundle; includeInIndex = 0; path = SalesforceFileLoggerTests.xctest; sourceTree = BUILT_PRODUCTS_DIR; };
		B7E54C78219354A8009DC303 /* Info.plist */ = {isa = PBXFileReference; lastKnownFileType = text.plist.xml; path = Info.plist; sourceTree = "<group>"; };
		B7E54C86219354F3009DC303 /* libSalesforceFileLoggerStatic.a */ = {isa = PBXFileReference; explicitFileType = archive.ar; includeInIndex = 0; path = libSalesforceFileLoggerStatic.a; sourceTree = BUILT_PRODUCTS_DIR; };
		B7E54CD421936260009DC303 /* SFSDKFileLogger.h */ = {isa = PBXFileReference; fileEncoding = 4; lastKnownFileType = sourcecode.c.h; path = SFSDKFileLogger.h; sourceTree = "<group>"; };
		B7E54CD521936260009DC303 /* SFSDKLogFileManager.m */ = {isa = PBXFileReference; fileEncoding = 4; lastKnownFileType = sourcecode.c.objc; path = SFSDKLogFileManager.m; sourceTree = "<group>"; };
		B7E54CD621936260009DC303 /* SFSDKLogger.h */ = {isa = PBXFileReference; fileEncoding = 4; lastKnownFileType = sourcecode.c.h; path = SFSDKLogger.h; sourceTree = "<group>"; };
		B7E54CD721936260009DC303 /* SFSDKFileLogger.m */ = {isa = PBXFileReference; fileEncoding = 4; lastKnownFileType = sourcecode.c.objc; path = SFSDKFileLogger.m; sourceTree = "<group>"; };
		B7E54CD821936260009DC303 /* SFSDKLogger.m */ = {isa = PBXFileReference; fileEncoding = 4; lastKnownFileType = sourcecode.c.objc; path = SFSDKLogger.m; sourceTree = "<group>"; };
		B7E54CD921936260009DC303 /* SFSDKLogFileManager.h */ = {isa = PBXFileReference; fileEncoding = 4; lastKnownFileType = sourcecode.c.h; path = SFSDKLogFileManager.h; sourceTree = "<group>"; };
		B7E54CEB21936B06009DC303 /* Lumberjack.xcodeproj */ = {isa = PBXFileReference; lastKnownFileType = "wrapper.pb-project"; name = Lumberjack.xcodeproj; path = "../../../forcedotcom/SalesforceMobileSDK-iOS/external/CocoaLumberjack/Lumberjack.xcodeproj"; sourceTree = "<group>"; };
		B7E54D6821939295009DC303 /* SFSDKLoggerTests.m */ = {isa = PBXFileReference; lastKnownFileType = sourcecode.c.objc; path = SFSDKLoggerTests.m; sourceTree = "<group>"; };
		B7E54D6E219395BF009DC303 /* SalesforceFileLoggerTestApp.app */ = {isa = PBXFileReference; explicitFileType = wrapper.application; includeInIndex = 0; path = SalesforceFileLoggerTestApp.app; sourceTree = BUILT_PRODUCTS_DIR; };
		B7E54D70219395BF009DC303 /* AppDelegate.h */ = {isa = PBXFileReference; lastKnownFileType = sourcecode.c.h; path = AppDelegate.h; sourceTree = "<group>"; };
		B7E54D71219395BF009DC303 /* AppDelegate.m */ = {isa = PBXFileReference; lastKnownFileType = sourcecode.c.objc; path = AppDelegate.m; sourceTree = "<group>"; };
		B7E54D73219395BF009DC303 /* ViewController.h */ = {isa = PBXFileReference; lastKnownFileType = sourcecode.c.h; path = ViewController.h; sourceTree = "<group>"; };
		B7E54D74219395BF009DC303 /* ViewController.m */ = {isa = PBXFileReference; lastKnownFileType = sourcecode.c.objc; path = ViewController.m; sourceTree = "<group>"; };
		B7E54D77219395BF009DC303 /* Base */ = {isa = PBXFileReference; lastKnownFileType = file.storyboard; name = Base; path = Base.lproj/Main.storyboard; sourceTree = "<group>"; };
		B7E54D79219395C1009DC303 /* Assets.xcassets */ = {isa = PBXFileReference; lastKnownFileType = folder.assetcatalog; path = Assets.xcassets; sourceTree = "<group>"; };
		B7E54D7C219395C1009DC303 /* Base */ = {isa = PBXFileReference; lastKnownFileType = file.storyboard; name = Base; path = Base.lproj/LaunchScreen.storyboard; sourceTree = "<group>"; };
		B7E54D7E219395C1009DC303 /* Info.plist */ = {isa = PBXFileReference; lastKnownFileType = text.plist.xml; path = Info.plist; sourceTree = "<group>"; };
		B7E54D7F219395C1009DC303 /* main.m */ = {isa = PBXFileReference; lastKnownFileType = sourcecode.c.objc; path = main.m; sourceTree = "<group>"; };
		B7E54DA321939BBD009DC303 /* XCTest.framework */ = {isa = PBXFileReference; lastKnownFileType = wrapper.framework; name = XCTest.framework; path = Platforms/iPhoneOS.platform/Developer/Library/Frameworks/XCTest.framework; sourceTree = DEVELOPER_DIR; };
		CB7634A59B7BC0D887A2FB35 /* Pods-SalesforceFileLoggerTests.debug.xcconfig */ = {isa = PBXFileReference; includeInIndex = 1; lastKnownFileType = text.xcconfig; name = "Pods-SalesforceFileLoggerTests.debug.xcconfig"; path = "Pods/Target Support Files/Pods-SalesforceFileLoggerTests/Pods-SalesforceFileLoggerTests.debug.xcconfig"; sourceTree = "<group>"; };
		F8F0E3254EC657368CFF11F5 /* Pods-SalesforceFileLoggerStatic.release.xcconfig */ = {isa = PBXFileReference; includeInIndex = 1; lastKnownFileType = text.xcconfig; name = "Pods-SalesforceFileLoggerStatic.release.xcconfig"; path = "Pods/Target Support Files/Pods-SalesforceFileLoggerStatic/Pods-SalesforceFileLoggerStatic.release.xcconfig"; sourceTree = "<group>"; };
		FCC87C4DB43C988E9C421F0E /* Pods-SalesforceFileLoggerTests.release.xcconfig */ = {isa = PBXFileReference; includeInIndex = 1; lastKnownFileType = text.xcconfig; name = "Pods-SalesforceFileLoggerTests.release.xcconfig"; path = "Pods/Target Support Files/Pods-SalesforceFileLoggerTests/Pods-SalesforceFileLoggerTests.release.xcconfig"; sourceTree = "<group>"; };
/* End PBXFileReference section */

/* Begin PBXFrameworksBuildPhase section */
		B7E54C65219354A8009DC303 /* Frameworks */ = {
			isa = PBXFrameworksBuildPhase;
			buildActionMask = 2147483647;
			files = (
			);
			runOnlyForDeploymentPostprocessing = 0;
		};
		B7E54C6E219354A8009DC303 /* Frameworks */ = {
			isa = PBXFrameworksBuildPhase;
			buildActionMask = 2147483647;
			files = (
				B7E54DA421939BBD009DC303 /* XCTest.framework in Frameworks */,
				B7E54C72219354A8009DC303 /* SalesforceFileLogger.framework in Frameworks */,
			);
			runOnlyForDeploymentPostprocessing = 0;
		};
		B7E54C83219354F3009DC303 /* Frameworks */ = {
			isa = PBXFrameworksBuildPhase;
			buildActionMask = 2147483647;
			files = (
			);
			runOnlyForDeploymentPostprocessing = 0;
		};
		B7E54D6B219395BF009DC303 /* Frameworks */ = {
			isa = PBXFrameworksBuildPhase;
			buildActionMask = 2147483647;
			files = (
			);
			runOnlyForDeploymentPostprocessing = 0;
		};
/* End PBXFrameworksBuildPhase section */

/* Begin PBXGroup section */
		4C7CA19F6A186951AAB57ABE /* Frameworks */ = {
			isa = PBXGroup;
			children = (
				B7E54DA321939BBD009DC303 /* XCTest.framework */,
				B7E54CEB21936B06009DC303 /* Lumberjack.xcodeproj */,
				B70447862193EA400090E08C /* SalesforceSDKCommon.xcodeproj */,
			);
			name = Frameworks;
			sourceTree = "<group>";
		};
		B70447872193EA400090E08C /* Products */ = {
			isa = PBXGroup;
			children = (
				B704479D2193EA410090E08C /* SalesforceSDKCommon.framework */,
				B704479F2193EA410090E08C /* SalesforceSDKCommonTests.xctest */,
				B70447A12193EA410090E08C /* SalesforceSDKCommonTestApp.app */,
				B70447A32193EA410090E08C /* libSalesforceSDKCommon.a */,
			);
			name = Products;
			sourceTree = "<group>";
		};
		B7E54C5E219354A8009DC303 = {
			isa = PBXGroup;
			children = (
				B7E54C6A219354A8009DC303 /* SalesforceFileLogger */,
				B7E54C75219354A8009DC303 /* SalesforceFileLoggerTests */,
				B7E54D6F219395BF009DC303 /* SalesforceFileLoggerTestApp */,
				B7E54C69219354A8009DC303 /* Products */,
				E1E481FEECFA61D5D6CDC6EE /* Pods */,
				4C7CA19F6A186951AAB57ABE /* Frameworks */,
			);
			sourceTree = "<group>";
		};
		B7E54C69219354A8009DC303 /* Products */ = {
			isa = PBXGroup;
			children = (
				B7E54C68219354A8009DC303 /* SalesforceFileLogger.framework */,
				B7E54C71219354A8009DC303 /* SalesforceFileLoggerTests.xctest */,
				B7E54C86219354F3009DC303 /* libSalesforceFileLoggerStatic.a */,
				B7E54D6E219395BF009DC303 /* SalesforceFileLoggerTestApp.app */,
			);
			name = Products;
			sourceTree = "<group>";
		};
		B7E54C6A219354A8009DC303 /* SalesforceFileLogger */ = {
			isa = PBXGroup;
			children = (
				B7E54CD221936260009DC303 /* Classes */,
				B7E54C6B219354A8009DC303 /* SalesforceFileLogger.h */,
				B7E54C6C219354A8009DC303 /* Info.plist */,
			);
			path = SalesforceFileLogger;
			sourceTree = "<group>";
		};
		B7E54C75219354A8009DC303 /* SalesforceFileLoggerTests */ = {
			isa = PBXGroup;
			children = (
				B7E54C78219354A8009DC303 /* Info.plist */,
				B7E54D6821939295009DC303 /* SFSDKLoggerTests.m */,
			);
			path = SalesforceFileLoggerTests;
			sourceTree = "<group>";
		};
		B7E54CD221936260009DC303 /* Classes */ = {
			isa = PBXGroup;
			children = (
				B7E54CD321936260009DC303 /* Logger */,
			);
			path = Classes;
			sourceTree = "<group>";
		};
		B7E54CD321936260009DC303 /* Logger */ = {
			isa = PBXGroup;
			children = (
				B7E54CD421936260009DC303 /* SFSDKFileLogger.h */,
				B7E54CD521936260009DC303 /* SFSDKLogFileManager.m */,
				B7E54CD621936260009DC303 /* SFSDKLogger.h */,
				B7E54CD721936260009DC303 /* SFSDKFileLogger.m */,
				B7E54CD821936260009DC303 /* SFSDKLogger.m */,
				B7E54CD921936260009DC303 /* SFSDKLogFileManager.h */,
			);
			path = Logger;
			sourceTree = "<group>";
		};
		B7E54CEC21936B06009DC303 /* Products */ = {
			isa = PBXGroup;
			children = (
				B7E54CFF21936B06009DC303 /* CocoaLumberjack.framework */,
				B7E54D0121936B06009DC303 /* CocoaLumberjackSwift.framework */,
				B7E54D0321936B06009DC303 /* CocoaLumberjack.framework */,
				B7E54D0521936B06009DC303 /* CocoaLumberjackSwift.framework */,
				B7E54D0721936B06009DC303 /* libCocoaLumberjack.a */,
				B7E54D0921936B06009DC303 /* CocoaLumberjack.framework */,
				B7E54D0B21936B06009DC303 /* CocoaLumberjackSwift.framework */,
				B7E54D0D21936B06009DC303 /* CocoaLumberjack.framework */,
				B7E54D0F21936B06009DC303 /* CocoaLumberjackSwift.framework */,
				B7E54D1121936B06009DC303 /* FmwkTest.app */,
				B7E54D1321936B06009DC303 /* SwiftTest.app */,
				B7E54D1521936B06009DC303 /* iOSSwiftTest.app */,
				B7E54D1721936B06009DC303 /* watchOSSwiftTest.app */,
				B7E54D1921936B06009DC303 /* watchOSSwiftTest Extension.appex */,
				B7E54D1B21936B06009DC303 /* tvOSSwiftTest.app */,
				B7E54D1D21936B06009DC303 /* iOSLibStaticTest.app */,
			);
			name = Products;
			sourceTree = "<group>";
		};
		B7E54D6F219395BF009DC303 /* SalesforceFileLoggerTestApp */ = {
			isa = PBXGroup;
			children = (
				B7E54D70219395BF009DC303 /* AppDelegate.h */,
				B7E54D71219395BF009DC303 /* AppDelegate.m */,
				B7E54D73219395BF009DC303 /* ViewController.h */,
				B7E54D74219395BF009DC303 /* ViewController.m */,
				B7E54D76219395BF009DC303 /* Main.storyboard */,
				B7E54D79219395C1009DC303 /* Assets.xcassets */,
				B7E54D7B219395C1009DC303 /* LaunchScreen.storyboard */,
				B7E54D7E219395C1009DC303 /* Info.plist */,
				B7E54D7F219395C1009DC303 /* main.m */,
			);
			path = SalesforceFileLoggerTestApp;
			sourceTree = "<group>";
		};
		E1E481FEECFA61D5D6CDC6EE /* Pods */ = {
			isa = PBXGroup;
			children = (
				414BEA528AA5CB3C10A757AD /* Pods-SalesforceFileLogger.debug.xcconfig */,
				03FD1CCE3B2615271BEDC56C /* Pods-SalesforceFileLogger.release.xcconfig */,
				30E03C35B7CB033B4055E986 /* Pods-SalesforceFileLoggerStatic.debug.xcconfig */,
				F8F0E3254EC657368CFF11F5 /* Pods-SalesforceFileLoggerStatic.release.xcconfig */,
				CB7634A59B7BC0D887A2FB35 /* Pods-SalesforceFileLoggerTests.debug.xcconfig */,
				FCC87C4DB43C988E9C421F0E /* Pods-SalesforceFileLoggerTests.release.xcconfig */,
			);
			name = Pods;
			sourceTree = "<group>";
		};
/* End PBXGroup section */

/* Begin PBXHeadersBuildPhase section */
		B7E54C63219354A8009DC303 /* Headers */ = {
			isa = PBXHeadersBuildPhase;
			buildActionMask = 2147483647;
			files = (
				B7E54CDC21936260009DC303 /* SFSDKLogger.h in Headers */,
				B7E54CDA21936260009DC303 /* SFSDKFileLogger.h in Headers */,
				B7E54C79219354A8009DC303 /* SalesforceFileLogger.h in Headers */,
				B7E54CDF21936260009DC303 /* SFSDKLogFileManager.h in Headers */,
			);
			runOnlyForDeploymentPostprocessing = 0;
		};
		B7E54CE621936297009DC303 /* Headers */ = {
			isa = PBXHeadersBuildPhase;
			buildActionMask = 2147483647;
			files = (
				B7E54CE7219362A5009DC303 /* SFSDKFileLogger.h in Headers */,
				B7E54CE8219362A5009DC303 /* SFSDKLogger.h in Headers */,
				B7E54CE9219362A5009DC303 /* SFSDKLogFileManager.h in Headers */,
				B7E54DA72193C01F009DC303 /* SalesforceFileLogger.h in Headers */,
			);
			runOnlyForDeploymentPostprocessing = 0;
		};
/* End PBXHeadersBuildPhase section */

/* Begin PBXNativeTarget section */
		B7E54C67219354A8009DC303 /* SalesforceFileLogger */ = {
			isa = PBXNativeTarget;
			buildConfigurationList = B7E54C7C219354A8009DC303 /* Build configuration list for PBXNativeTarget "SalesforceFileLogger" */;
			buildPhases = (
				B7E54C63219354A8009DC303 /* Headers */,
				B7E54C64219354A8009DC303 /* Sources */,
				B7E54C65219354A8009DC303 /* Frameworks */,
				B7E54C66219354A8009DC303 /* Resources */,
			);
			buildRules = (
			);
			dependencies = (
				B70447A52193EA540090E08C /* PBXTargetDependency */,
				B7E54D5221936B68009DC303 /* PBXTargetDependency */,
			);
			name = SalesforceFileLogger;
			productName = SalesforceFileLogger;
			productReference = B7E54C68219354A8009DC303 /* SalesforceFileLogger.framework */;
			productType = "com.apple.product-type.framework";
		};
		B7E54C70219354A8009DC303 /* SalesforceFileLoggerTests */ = {
			isa = PBXNativeTarget;
			buildConfigurationList = B7E54C7F219354A8009DC303 /* Build configuration list for PBXNativeTarget "SalesforceFileLoggerTests" */;
			buildPhases = (
				B7E54C6D219354A8009DC303 /* Sources */,
				B7E54C6E219354A8009DC303 /* Frameworks */,
				B7E54C6F219354A8009DC303 /* Resources */,
			);
			buildRules = (
			);
			dependencies = (
				B7E54C74219354A8009DC303 /* PBXTargetDependency */,
				B7E54DA1219395E9009DC303 /* PBXTargetDependency */,
			);
			name = SalesforceFileLoggerTests;
			productName = SalesforceFileLoggerTests;
			productReference = B7E54C71219354A8009DC303 /* SalesforceFileLoggerTests.xctest */;
			productType = "com.apple.product-type.bundle.unit-test";
		};
		B7E54C85219354F3009DC303 /* SalesforceFileLoggerStatic */ = {
			isa = PBXNativeTarget;
			buildConfigurationList = B7E54C8C219354F3009DC303 /* Build configuration list for PBXNativeTarget "SalesforceFileLoggerStatic" */;
			buildPhases = (
				B7E54CE621936297009DC303 /* Headers */,
				B7E54C82219354F3009DC303 /* Sources */,
				B7E54C83219354F3009DC303 /* Frameworks */,
				B7E54C84219354F3009DC303 /* CopyFiles */,
			);
			buildRules = (
			);
			dependencies = (
				B70447A72193EA600090E08C /* PBXTargetDependency */,
			);
			name = SalesforceFileLoggerStatic;
			productName = SalesforceFileLoggerStatic;
			productReference = B7E54C86219354F3009DC303 /* libSalesforceFileLoggerStatic.a */;
			productType = "com.apple.product-type.library.static";
		};
		B7E54D6D219395BF009DC303 /* SalesforceFileLoggerTestApp */ = {
			isa = PBXNativeTarget;
			buildConfigurationList = B7E54D97219395C1009DC303 /* Build configuration list for PBXNativeTarget "SalesforceFileLoggerTestApp" */;
			buildPhases = (
				B7E54D6A219395BF009DC303 /* Sources */,
				B7E54D6B219395BF009DC303 /* Frameworks */,
				B7E54D6C219395BF009DC303 /* Resources */,
			);
			buildRules = (
			);
			dependencies = (
			);
			name = SalesforceFileLoggerTestApp;
			productName = SalesforceFileLoggerTestApp;
			productReference = B7E54D6E219395BF009DC303 /* SalesforceFileLoggerTestApp.app */;
			productType = "com.apple.product-type.application";
		};
/* End PBXNativeTarget section */

/* Begin PBXProject section */
		B7E54C5F219354A8009DC303 /* Project object */ = {
			isa = PBXProject;
			attributes = {
				LastUpgradeCheck = 1000;
				ORGANIZATIONNAME = Salesforce;
				TargetAttributes = {
					B7E54C67219354A8009DC303 = {
						CreatedOnToolsVersion = 10.0;
					};
					B7E54C70219354A8009DC303 = {
						CreatedOnToolsVersion = 10.0;
						TestTargetID = B7E54D6D219395BF009DC303;
					};
					B7E54C85219354F3009DC303 = {
						CreatedOnToolsVersion = 10.0;
					};
					B7E54D6D219395BF009DC303 = {
						CreatedOnToolsVersion = 10.0;
					};
				};
			};
			buildConfigurationList = B7E54C62219354A8009DC303 /* Build configuration list for PBXProject "SalesforceFileLogger" */;
			compatibilityVersion = "Xcode 9.3";
			developmentRegion = en;
			hasScannedForEncodings = 0;
			knownRegions = (
				en,
				Base,
			);
			mainGroup = B7E54C5E219354A8009DC303;
			productRefGroup = B7E54C69219354A8009DC303 /* Products */;
			projectDirPath = "";
			projectReferences = (
				{
					ProductGroup = B7E54CEC21936B06009DC303 /* Products */;
					ProjectRef = B7E54CEB21936B06009DC303 /* Lumberjack.xcodeproj */;
				},
				{
					ProductGroup = B70447872193EA400090E08C /* Products */;
					ProjectRef = B70447862193EA400090E08C /* SalesforceSDKCommon.xcodeproj */;
				},
			);
			projectRoot = "";
			targets = (
				B7E54C67219354A8009DC303 /* SalesforceFileLogger */,
				B7E54C70219354A8009DC303 /* SalesforceFileLoggerTests */,
				B7E54C85219354F3009DC303 /* SalesforceFileLoggerStatic */,
				B7E54D6D219395BF009DC303 /* SalesforceFileLoggerTestApp */,
			);
		};
/* End PBXProject section */

/* Begin PBXReferenceProxy section */
		B704479D2193EA410090E08C /* SalesforceSDKCommon.framework */ = {
			isa = PBXReferenceProxy;
			fileType = wrapper.framework;
			path = SalesforceSDKCommon.framework;
			remoteRef = B704479C2193EA410090E08C /* PBXContainerItemProxy */;
			sourceTree = BUILT_PRODUCTS_DIR;
		};
		B704479F2193EA410090E08C /* SalesforceSDKCommonTests.xctest */ = {
			isa = PBXReferenceProxy;
			fileType = wrapper.cfbundle;
			path = SalesforceSDKCommonTests.xctest;
			remoteRef = B704479E2193EA410090E08C /* PBXContainerItemProxy */;
			sourceTree = BUILT_PRODUCTS_DIR;
		};
		B70447A12193EA410090E08C /* SalesforceSDKCommonTestApp.app */ = {
			isa = PBXReferenceProxy;
			fileType = wrapper.application;
			path = SalesforceSDKCommonTestApp.app;
			remoteRef = B70447A02193EA410090E08C /* PBXContainerItemProxy */;
			sourceTree = BUILT_PRODUCTS_DIR;
		};
		B70447A32193EA410090E08C /* libSalesforceSDKCommon.a */ = {
			isa = PBXReferenceProxy;
			fileType = archive.ar;
			path = libSalesforceSDKCommon.a;
			remoteRef = B70447A22193EA410090E08C /* PBXContainerItemProxy */;
			sourceTree = BUILT_PRODUCTS_DIR;
		};
		B7E54CFF21936B06009DC303 /* CocoaLumberjack.framework */ = {
			isa = PBXReferenceProxy;
			fileType = wrapper.framework;
			path = CocoaLumberjack.framework;
			remoteRef = B7E54CFE21936B06009DC303 /* PBXContainerItemProxy */;
			sourceTree = BUILT_PRODUCTS_DIR;
		};
		B7E54D0121936B06009DC303 /* CocoaLumberjackSwift.framework */ = {
			isa = PBXReferenceProxy;
			fileType = wrapper.framework;
			path = CocoaLumberjackSwift.framework;
			remoteRef = B7E54D0021936B06009DC303 /* PBXContainerItemProxy */;
			sourceTree = BUILT_PRODUCTS_DIR;
		};
		B7E54D0321936B06009DC303 /* CocoaLumberjack.framework */ = {
			isa = PBXReferenceProxy;
			fileType = wrapper.framework;
			path = CocoaLumberjack.framework;
			remoteRef = B7E54D0221936B06009DC303 /* PBXContainerItemProxy */;
			sourceTree = BUILT_PRODUCTS_DIR;
		};
		B7E54D0521936B06009DC303 /* CocoaLumberjackSwift.framework */ = {
			isa = PBXReferenceProxy;
			fileType = wrapper.framework;
			path = CocoaLumberjackSwift.framework;
			remoteRef = B7E54D0421936B06009DC303 /* PBXContainerItemProxy */;
			sourceTree = BUILT_PRODUCTS_DIR;
		};
		B7E54D0721936B06009DC303 /* libCocoaLumberjack.a */ = {
			isa = PBXReferenceProxy;
			fileType = archive.ar;
			path = libCocoaLumberjack.a;
			remoteRef = B7E54D0621936B06009DC303 /* PBXContainerItemProxy */;
			sourceTree = BUILT_PRODUCTS_DIR;
		};
		B7E54D0921936B06009DC303 /* CocoaLumberjack.framework */ = {
			isa = PBXReferenceProxy;
			fileType = wrapper.framework;
			path = CocoaLumberjack.framework;
			remoteRef = B7E54D0821936B06009DC303 /* PBXContainerItemProxy */;
			sourceTree = BUILT_PRODUCTS_DIR;
		};
		B7E54D0B21936B06009DC303 /* CocoaLumberjackSwift.framework */ = {
			isa = PBXReferenceProxy;
			fileType = wrapper.framework;
			path = CocoaLumberjackSwift.framework;
			remoteRef = B7E54D0A21936B06009DC303 /* PBXContainerItemProxy */;
			sourceTree = BUILT_PRODUCTS_DIR;
		};
		B7E54D0D21936B06009DC303 /* CocoaLumberjack.framework */ = {
			isa = PBXReferenceProxy;
			fileType = wrapper.framework;
			path = CocoaLumberjack.framework;
			remoteRef = B7E54D0C21936B06009DC303 /* PBXContainerItemProxy */;
			sourceTree = BUILT_PRODUCTS_DIR;
		};
		B7E54D0F21936B06009DC303 /* CocoaLumberjackSwift.framework */ = {
			isa = PBXReferenceProxy;
			fileType = wrapper.framework;
			path = CocoaLumberjackSwift.framework;
			remoteRef = B7E54D0E21936B06009DC303 /* PBXContainerItemProxy */;
			sourceTree = BUILT_PRODUCTS_DIR;
		};
		B7E54D1121936B06009DC303 /* FmwkTest.app */ = {
			isa = PBXReferenceProxy;
			fileType = wrapper.application;
			path = FmwkTest.app;
			remoteRef = B7E54D1021936B06009DC303 /* PBXContainerItemProxy */;
			sourceTree = BUILT_PRODUCTS_DIR;
		};
		B7E54D1321936B06009DC303 /* SwiftTest.app */ = {
			isa = PBXReferenceProxy;
			fileType = wrapper.application;
			path = SwiftTest.app;
			remoteRef = B7E54D1221936B06009DC303 /* PBXContainerItemProxy */;
			sourceTree = BUILT_PRODUCTS_DIR;
		};
		B7E54D1521936B06009DC303 /* iOSSwiftTest.app */ = {
			isa = PBXReferenceProxy;
			fileType = wrapper.application;
			path = iOSSwiftTest.app;
			remoteRef = B7E54D1421936B06009DC303 /* PBXContainerItemProxy */;
			sourceTree = BUILT_PRODUCTS_DIR;
		};
		B7E54D1721936B06009DC303 /* watchOSSwiftTest.app */ = {
			isa = PBXReferenceProxy;
			fileType = wrapper.application;
			path = watchOSSwiftTest.app;
			remoteRef = B7E54D1621936B06009DC303 /* PBXContainerItemProxy */;
			sourceTree = BUILT_PRODUCTS_DIR;
		};
		B7E54D1921936B06009DC303 /* watchOSSwiftTest Extension.appex */ = {
			isa = PBXReferenceProxy;
			fileType = "wrapper.app-extension";
			path = "watchOSSwiftTest Extension.appex";
			remoteRef = B7E54D1821936B06009DC303 /* PBXContainerItemProxy */;
			sourceTree = BUILT_PRODUCTS_DIR;
		};
		B7E54D1B21936B06009DC303 /* tvOSSwiftTest.app */ = {
			isa = PBXReferenceProxy;
			fileType = wrapper.application;
			path = tvOSSwiftTest.app;
			remoteRef = B7E54D1A21936B06009DC303 /* PBXContainerItemProxy */;
			sourceTree = BUILT_PRODUCTS_DIR;
		};
		B7E54D1D21936B06009DC303 /* iOSLibStaticTest.app */ = {
			isa = PBXReferenceProxy;
			fileType = wrapper.application;
			path = iOSLibStaticTest.app;
			remoteRef = B7E54D1C21936B06009DC303 /* PBXContainerItemProxy */;
			sourceTree = BUILT_PRODUCTS_DIR;
		};
/* End PBXReferenceProxy section */

/* Begin PBXResourcesBuildPhase section */
		B7E54C66219354A8009DC303 /* Resources */ = {
			isa = PBXResourcesBuildPhase;
			buildActionMask = 2147483647;
			files = (
			);
			runOnlyForDeploymentPostprocessing = 0;
		};
		B7E54C6F219354A8009DC303 /* Resources */ = {
			isa = PBXResourcesBuildPhase;
			buildActionMask = 2147483647;
			files = (
			);
			runOnlyForDeploymentPostprocessing = 0;
		};
		B7E54D6C219395BF009DC303 /* Resources */ = {
			isa = PBXResourcesBuildPhase;
			buildActionMask = 2147483647;
			files = (
				B7E54D7D219395C1009DC303 /* LaunchScreen.storyboard in Resources */,
				B7E54D7A219395C1009DC303 /* Assets.xcassets in Resources */,
				B7E54D78219395BF009DC303 /* Main.storyboard in Resources */,
			);
			runOnlyForDeploymentPostprocessing = 0;
		};
/* End PBXResourcesBuildPhase section */

/* Begin PBXSourcesBuildPhase section */
		B7E54C64219354A8009DC303 /* Sources */ = {
			isa = PBXSourcesBuildPhase;
			buildActionMask = 2147483647;
			files = (
				B7E54CDE21936260009DC303 /* SFSDKLogger.m in Sources */,
				B7E54CDB21936260009DC303 /* SFSDKLogFileManager.m in Sources */,
				B7E54CDD21936260009DC303 /* SFSDKFileLogger.m in Sources */,
			);
			runOnlyForDeploymentPostprocessing = 0;
		};
		B7E54C6D219354A8009DC303 /* Sources */ = {
			isa = PBXSourcesBuildPhase;
			buildActionMask = 2147483647;
			files = (
				B70447A82193EBC70090E08C /* SFSDKLoggerTests.m in Sources */,
			);
			runOnlyForDeploymentPostprocessing = 0;
		};
		B7E54C82219354F3009DC303 /* Sources */ = {
			isa = PBXSourcesBuildPhase;
			buildActionMask = 2147483647;
			files = (
				B7E54CE121936284009DC303 /* SFSDKLogFileManager.m in Sources */,
				B7E54CE321936284009DC303 /* SFSDKFileLogger.m in Sources */,
				B7E54CE421936284009DC303 /* SFSDKLogger.m in Sources */,
			);
			runOnlyForDeploymentPostprocessing = 0;
		};
		B7E54D6A219395BF009DC303 /* Sources */ = {
			isa = PBXSourcesBuildPhase;
			buildActionMask = 2147483647;
			files = (
				B7E54D75219395BF009DC303 /* ViewController.m in Sources */,
				B7E54D80219395C1009DC303 /* main.m in Sources */,
				B7E54D72219395BF009DC303 /* AppDelegate.m in Sources */,
			);
			runOnlyForDeploymentPostprocessing = 0;
		};
/* End PBXSourcesBuildPhase section */

/* Begin PBXTargetDependency section */
		B70447A52193EA540090E08C /* PBXTargetDependency */ = {
			isa = PBXTargetDependency;
			name = SalesforceSDKCommon;
			targetProxy = B70447A42193EA540090E08C /* PBXContainerItemProxy */;
		};
		B70447A72193EA600090E08C /* PBXTargetDependency */ = {
			isa = PBXTargetDependency;
			name = SalesforceSDKCommonStatic;
			targetProxy = B70447A62193EA600090E08C /* PBXContainerItemProxy */;
		};
		B7E54C74219354A8009DC303 /* PBXTargetDependency */ = {
			isa = PBXTargetDependency;
			target = B7E54C67219354A8009DC303 /* SalesforceFileLogger */;
			targetProxy = B7E54C73219354A8009DC303 /* PBXContainerItemProxy */;
		};
		B7E54D5221936B68009DC303 /* PBXTargetDependency */ = {
			isa = PBXTargetDependency;
			name = "CocoaLumberjack-iOS";
			targetProxy = B7E54D5121936B68009DC303 /* PBXContainerItemProxy */;
		};
		B7E54DA1219395E9009DC303 /* PBXTargetDependency */ = {
			isa = PBXTargetDependency;
			target = B7E54D6D219395BF009DC303 /* SalesforceFileLoggerTestApp */;
			targetProxy = B7E54DA0219395E9009DC303 /* PBXContainerItemProxy */;
		};
/* End PBXTargetDependency section */

/* Begin PBXVariantGroup section */
		B7E54D76219395BF009DC303 /* Main.storyboard */ = {
			isa = PBXVariantGroup;
			children = (
				B7E54D77219395BF009DC303 /* Base */,
			);
			name = Main.storyboard;
			sourceTree = "<group>";
		};
		B7E54D7B219395C1009DC303 /* LaunchScreen.storyboard */ = {
			isa = PBXVariantGroup;
			children = (
				B7E54D7C219395C1009DC303 /* Base */,
			);
			name = LaunchScreen.storyboard;
			sourceTree = "<group>";
		};
/* End PBXVariantGroup section */

/* Begin XCBuildConfiguration section */
		B7E54C7A219354A8009DC303 /* Debug */ = {
			isa = XCBuildConfiguration;
			buildSettings = {
				ALWAYS_SEARCH_USER_PATHS = NO;
				CLANG_ANALYZER_NONNULL = YES;
				CLANG_ANALYZER_NUMBER_OBJECT_CONVERSION = YES_AGGRESSIVE;
				CLANG_CXX_LANGUAGE_STANDARD = "gnu++14";
				CLANG_CXX_LIBRARY = "libc++";
				CLANG_ENABLE_MODULES = YES;
				CLANG_ENABLE_OBJC_ARC = YES;
				CLANG_ENABLE_OBJC_WEAK = YES;
				CLANG_WARN_BLOCK_CAPTURE_AUTORELEASING = YES;
				CLANG_WARN_BOOL_CONVERSION = YES;
				CLANG_WARN_COMMA = YES;
				CLANG_WARN_CONSTANT_CONVERSION = YES;
				CLANG_WARN_DEPRECATED_OBJC_IMPLEMENTATIONS = YES;
				CLANG_WARN_DIRECT_OBJC_ISA_USAGE = YES_ERROR;
				CLANG_WARN_DOCUMENTATION_COMMENTS = YES;
				CLANG_WARN_EMPTY_BODY = YES;
				CLANG_WARN_ENUM_CONVERSION = YES;
				CLANG_WARN_INFINITE_RECURSION = YES;
				CLANG_WARN_INT_CONVERSION = YES;
				CLANG_WARN_NON_LITERAL_NULL_CONVERSION = YES;
				CLANG_WARN_OBJC_IMPLICIT_RETAIN_SELF = YES;
				CLANG_WARN_OBJC_LITERAL_CONVERSION = YES;
				CLANG_WARN_OBJC_ROOT_CLASS = YES_ERROR;
				CLANG_WARN_RANGE_LOOP_ANALYSIS = YES;
				CLANG_WARN_STRICT_PROTOTYPES = YES;
				CLANG_WARN_SUSPICIOUS_MOVE = YES;
				CLANG_WARN_UNGUARDED_AVAILABILITY = YES_AGGRESSIVE;
				CLANG_WARN_UNREACHABLE_CODE = YES;
				CLANG_WARN__DUPLICATE_METHOD_MATCH = YES;
				CODE_SIGN_IDENTITY = "iPhone Developer";
				COPY_PHASE_STRIP = NO;
				CURRENT_PROJECT_VERSION = 1;
				DEBUG_INFORMATION_FORMAT = dwarf;
				ENABLE_STRICT_OBJC_MSGSEND = YES;
				ENABLE_TESTABILITY = YES;
				GCC_C_LANGUAGE_STANDARD = gnu11;
				GCC_DYNAMIC_NO_PIC = NO;
				GCC_NO_COMMON_BLOCKS = YES;
				GCC_OPTIMIZATION_LEVEL = 0;
				GCC_PREPROCESSOR_DEFINITIONS = (
					"DEBUG=1",
					"$(inherited)",
				);
				GCC_WARN_64_TO_32_BIT_CONVERSION = YES;
				GCC_WARN_ABOUT_RETURN_TYPE = YES_ERROR;
				GCC_WARN_UNDECLARED_SELECTOR = YES;
				GCC_WARN_UNINITIALIZED_AUTOS = YES_AGGRESSIVE;
				GCC_WARN_UNUSED_FUNCTION = YES;
				GCC_WARN_UNUSED_VARIABLE = YES;
				IPHONEOS_DEPLOYMENT_TARGET = 12.0;
				MTL_ENABLE_DEBUG_INFO = INCLUDE_SOURCE;
				MTL_FAST_MATH = YES;
				ONLY_ACTIVE_ARCH = YES;
				SDKROOT = iphoneos;
				VERSIONING_SYSTEM = "apple-generic";
				VERSION_INFO_PREFIX = "";
			};
			name = Debug;
		};
		B7E54C7B219354A8009DC303 /* Release */ = {
			isa = XCBuildConfiguration;
			buildSettings = {
				ALWAYS_SEARCH_USER_PATHS = NO;
				CLANG_ANALYZER_NONNULL = YES;
				CLANG_ANALYZER_NUMBER_OBJECT_CONVERSION = YES_AGGRESSIVE;
				CLANG_CXX_LANGUAGE_STANDARD = "gnu++14";
				CLANG_CXX_LIBRARY = "libc++";
				CLANG_ENABLE_MODULES = YES;
				CLANG_ENABLE_OBJC_ARC = YES;
				CLANG_ENABLE_OBJC_WEAK = YES;
				CLANG_WARN_BLOCK_CAPTURE_AUTORELEASING = YES;
				CLANG_WARN_BOOL_CONVERSION = YES;
				CLANG_WARN_COMMA = YES;
				CLANG_WARN_CONSTANT_CONVERSION = YES;
				CLANG_WARN_DEPRECATED_OBJC_IMPLEMENTATIONS = YES;
				CLANG_WARN_DIRECT_OBJC_ISA_USAGE = YES_ERROR;
				CLANG_WARN_DOCUMENTATION_COMMENTS = YES;
				CLANG_WARN_EMPTY_BODY = YES;
				CLANG_WARN_ENUM_CONVERSION = YES;
				CLANG_WARN_INFINITE_RECURSION = YES;
				CLANG_WARN_INT_CONVERSION = YES;
				CLANG_WARN_NON_LITERAL_NULL_CONVERSION = YES;
				CLANG_WARN_OBJC_IMPLICIT_RETAIN_SELF = YES;
				CLANG_WARN_OBJC_LITERAL_CONVERSION = YES;
				CLANG_WARN_OBJC_ROOT_CLASS = YES_ERROR;
				CLANG_WARN_RANGE_LOOP_ANALYSIS = YES;
				CLANG_WARN_STRICT_PROTOTYPES = YES;
				CLANG_WARN_SUSPICIOUS_MOVE = YES;
				CLANG_WARN_UNGUARDED_AVAILABILITY = YES_AGGRESSIVE;
				CLANG_WARN_UNREACHABLE_CODE = YES;
				CLANG_WARN__DUPLICATE_METHOD_MATCH = YES;
				CODE_SIGN_IDENTITY = "iPhone Developer";
				COPY_PHASE_STRIP = NO;
				CURRENT_PROJECT_VERSION = 1;
				DEBUG_INFORMATION_FORMAT = "dwarf-with-dsym";
				ENABLE_NS_ASSERTIONS = NO;
				ENABLE_STRICT_OBJC_MSGSEND = YES;
				GCC_C_LANGUAGE_STANDARD = gnu11;
				GCC_NO_COMMON_BLOCKS = YES;
				GCC_WARN_64_TO_32_BIT_CONVERSION = YES;
				GCC_WARN_ABOUT_RETURN_TYPE = YES_ERROR;
				GCC_WARN_UNDECLARED_SELECTOR = YES;
				GCC_WARN_UNINITIALIZED_AUTOS = YES_AGGRESSIVE;
				GCC_WARN_UNUSED_FUNCTION = YES;
				GCC_WARN_UNUSED_VARIABLE = YES;
				IPHONEOS_DEPLOYMENT_TARGET = 12.0;
				MTL_ENABLE_DEBUG_INFO = NO;
				MTL_FAST_MATH = YES;
				SDKROOT = iphoneos;
				VALIDATE_PRODUCT = YES;
				VERSIONING_SYSTEM = "apple-generic";
				VERSION_INFO_PREFIX = "";
			};
			name = Release;
		};
		B7E54C7D219354A8009DC303 /* Debug */ = {
			isa = XCBuildConfiguration;
			baseConfigurationReference = 414BEA528AA5CB3C10A757AD /* Pods-SalesforceFileLogger.debug.xcconfig */;
			buildSettings = {
				CODE_SIGN_IDENTITY = "";
				CODE_SIGN_STYLE = Automatic;
				DEFINES_MODULE = YES;
				DYLIB_COMPATIBILITY_VERSION = 1;
				DYLIB_CURRENT_VERSION = 1;
				DYLIB_INSTALL_NAME_BASE = "@rpath";
				INFOPLIST_FILE = SalesforceFileLogger/Info.plist;
				INSTALL_PATH = "$(LOCAL_LIBRARY_DIR)/Frameworks";
				LD_RUNPATH_SEARCH_PATHS = (
					"$(inherited)",
					"@executable_path/Frameworks",
					"@loader_path/Frameworks",
				);
				PRODUCT_BUNDLE_IDENTIFIER = com.salesforce.mobilesdk.SalesforceFileLogger;
				PRODUCT_NAME = "$(TARGET_NAME:c99extidentifier)";
				SKIP_INSTALL = YES;
				TARGETED_DEVICE_FAMILY = "1,2";
			};
			name = Debug;
		};
		B7E54C7E219354A8009DC303 /* Release */ = {
			isa = XCBuildConfiguration;
			baseConfigurationReference = 03FD1CCE3B2615271BEDC56C /* Pods-SalesforceFileLogger.release.xcconfig */;
			buildSettings = {
				CODE_SIGN_IDENTITY = "";
				CODE_SIGN_STYLE = Automatic;
				DEFINES_MODULE = YES;
				DYLIB_COMPATIBILITY_VERSION = 1;
				DYLIB_CURRENT_VERSION = 1;
				DYLIB_INSTALL_NAME_BASE = "@rpath";
				INFOPLIST_FILE = SalesforceFileLogger/Info.plist;
				INSTALL_PATH = "$(LOCAL_LIBRARY_DIR)/Frameworks";
				LD_RUNPATH_SEARCH_PATHS = (
					"$(inherited)",
					"@executable_path/Frameworks",
					"@loader_path/Frameworks",
				);
				PRODUCT_BUNDLE_IDENTIFIER = com.salesforce.mobilesdk.SalesforceFileLogger;
				PRODUCT_NAME = "$(TARGET_NAME:c99extidentifier)";
				SKIP_INSTALL = YES;
				TARGETED_DEVICE_FAMILY = "1,2";
			};
			name = Release;
		};
		B7E54C80219354A8009DC303 /* Debug */ = {
			isa = XCBuildConfiguration;
			baseConfigurationReference = CB7634A59B7BC0D887A2FB35 /* Pods-SalesforceFileLoggerTests.debug.xcconfig */;
			buildSettings = {
				CODE_SIGN_STYLE = Automatic;
				INFOPLIST_FILE = SalesforceFileLoggerTests/Info.plist;
				LD_RUNPATH_SEARCH_PATHS = (
					"$(inherited)",
					"@executable_path/Frameworks",
					"@loader_path/Frameworks",
				);
				PRODUCT_BUNDLE_IDENTIFIER = com.salesforce.mobilesdk.SalesforceFileLoggerTests;
				PRODUCT_NAME = "$(TARGET_NAME)";
				TARGETED_DEVICE_FAMILY = "1,2";
				TEST_HOST = "$(BUILT_PRODUCTS_DIR)/SalesforceFileLoggerTestApp.app/SalesforceFileLoggerTestApp";
			};
			name = Debug;
		};
		B7E54C81219354A8009DC303 /* Release */ = {
			isa = XCBuildConfiguration;
			baseConfigurationReference = FCC87C4DB43C988E9C421F0E /* Pods-SalesforceFileLoggerTests.release.xcconfig */;
			buildSettings = {
				CODE_SIGN_STYLE = Automatic;
				INFOPLIST_FILE = SalesforceFileLoggerTests/Info.plist;
				LD_RUNPATH_SEARCH_PATHS = (
					"$(inherited)",
					"@executable_path/Frameworks",
					"@loader_path/Frameworks",
				);
				PRODUCT_BUNDLE_IDENTIFIER = com.salesforce.mobilesdk.SalesforceFileLoggerTests;
				PRODUCT_NAME = "$(TARGET_NAME)";
				TARGETED_DEVICE_FAMILY = "1,2";
				TEST_HOST = "$(BUILT_PRODUCTS_DIR)/SalesforceFileLoggerTestApp.app/SalesforceFileLoggerTestApp";
			};
			name = Release;
		};
		B7E54C8D219354F3009DC303 /* Debug */ = {
			isa = XCBuildConfiguration;
			baseConfigurationReference = 30E03C35B7CB033B4055E986 /* Pods-SalesforceFileLoggerStatic.debug.xcconfig */;
			buildSettings = {
				CODE_SIGN_STYLE = Automatic;
				OTHER_LDFLAGS = "-ObjC";
				PRODUCT_NAME = "$(TARGET_NAME)";
				SKIP_INSTALL = YES;
				TARGETED_DEVICE_FAMILY = "1,2";
			};
			name = Debug;
		};
		B7E54C8E219354F3009DC303 /* Release */ = {
			isa = XCBuildConfiguration;
			baseConfigurationReference = F8F0E3254EC657368CFF11F5 /* Pods-SalesforceFileLoggerStatic.release.xcconfig */;
			buildSettings = {
				CODE_SIGN_STYLE = Automatic;
				OTHER_LDFLAGS = "-ObjC";
				PRODUCT_NAME = "$(TARGET_NAME)";
				SKIP_INSTALL = YES;
				TARGETED_DEVICE_FAMILY = "1,2";
			};
			name = Release;
		};
		B7E54D98219395C1009DC303 /* Debug */ = {
			isa = XCBuildConfiguration;
			buildSettings = {
				ASSETCATALOG_COMPILER_APPICON_NAME = AppIcon;
				CODE_SIGN_STYLE = Automatic;
				INFOPLIST_FILE = SalesforceFileLoggerTestApp/Info.plist;
				LD_RUNPATH_SEARCH_PATHS = (
					"$(inherited)",
					"@executable_path/Frameworks",
				);
				PRODUCT_BUNDLE_IDENTIFIER = com.salesforce.mobilesdk.SalesforceFileLoggerTestApp;
				PRODUCT_NAME = "$(TARGET_NAME)";
				TARGETED_DEVICE_FAMILY = "1,2";
			};
			name = Debug;
		};
		B7E54D99219395C1009DC303 /* Release */ = {
			isa = XCBuildConfiguration;
			buildSettings = {
				ASSETCATALOG_COMPILER_APPICON_NAME = AppIcon;
				CODE_SIGN_STYLE = Automatic;
				INFOPLIST_FILE = SalesforceFileLoggerTestApp/Info.plist;
				LD_RUNPATH_SEARCH_PATHS = (
					"$(inherited)",
					"@executable_path/Frameworks",
				);
				PRODUCT_BUNDLE_IDENTIFIER = com.salesforce.mobilesdk.SalesforceFileLoggerTestApp;
				PRODUCT_NAME = "$(TARGET_NAME)";
				TARGETED_DEVICE_FAMILY = "1,2";
			};
			name = Release;
		};
/* End XCBuildConfiguration section */

/* Begin XCConfigurationList section */
		B7E54C62219354A8009DC303 /* Build configuration list for PBXProject "SalesforceFileLogger" */ = {
			isa = XCConfigurationList;
			buildConfigurations = (
				B7E54C7A219354A8009DC303 /* Debug */,
				B7E54C7B219354A8009DC303 /* Release */,
			);
			defaultConfigurationIsVisible = 0;
			defaultConfigurationName = Release;
		};
		B7E54C7C219354A8009DC303 /* Build configuration list for PBXNativeTarget "SalesforceFileLogger" */ = {
			isa = XCConfigurationList;
			buildConfigurations = (
				B7E54C7D219354A8009DC303 /* Debug */,
				B7E54C7E219354A8009DC303 /* Release */,
			);
			defaultConfigurationIsVisible = 0;
			defaultConfigurationName = Release;
		};
		B7E54C7F219354A8009DC303 /* Build configuration list for PBXNativeTarget "SalesforceFileLoggerTests" */ = {
			isa = XCConfigurationList;
			buildConfigurations = (
				B7E54C80219354A8009DC303 /* Debug */,
				B7E54C81219354A8009DC303 /* Release */,
			);
			defaultConfigurationIsVisible = 0;
			defaultConfigurationName = Release;
		};
		B7E54C8C219354F3009DC303 /* Build configuration list for PBXNativeTarget "SalesforceFileLoggerStatic" */ = {
			isa = XCConfigurationList;
			buildConfigurations = (
				B7E54C8D219354F3009DC303 /* Debug */,
				B7E54C8E219354F3009DC303 /* Release */,
			);
			defaultConfigurationIsVisible = 0;
			defaultConfigurationName = Release;
		};
		B7E54D97219395C1009DC303 /* Build configuration list for PBXNativeTarget "SalesforceFileLoggerTestApp" */ = {
			isa = XCConfigurationList;
			buildConfigurations = (
				B7E54D98219395C1009DC303 /* Debug */,
				B7E54D99219395C1009DC303 /* Release */,
			);
			defaultConfigurationIsVisible = 0;
			defaultConfigurationName = Release;
		};
/* End XCConfigurationList section */
	};
	rootObject = B7E54C5F219354A8009DC303 /* Project object */;
}
